
Microsoft Visual Studio Solution File, Format Version 12.00
# Visual Studio Version 17
VisualStudioVersion = 17.8.34330.188
MinimumVisualStudioVersion = 10.0.40219.1
Project("{2150E333-8FDC-42A3-9474-1A3956D46DE8}") = "src", "src", "{A382EB0E-3275-4D8E-BE4E-1CB2C7C4FB04}"
EndProject
Project("{2150E333-8FDC-42A3-9474-1A3956D46DE8}") = "Api", "Api", "{E13BD608-4592-48D2-975D-2DC0C185DB1A}"
EndProject
Project("{2150E333-8FDC-42A3-9474-1A3956D46DE8}") = "Core", "Core", "{E2C41B90-A905-4DEA-A840-16895AA02446}"
EndProject
Project("{2150E333-8FDC-42A3-9474-1A3956D46DE8}") = "Infrastructure", "Infrastructure", "{E2F1C38F-A988-42D2-B1AD-1FF0182603D0}"
EndProject
Project("{2150E333-8FDC-42A3-9474-1A3956D46DE8}") = "Clients", "Clients", "{AB21A8AE-4E07-4588-920B-755976D61858}"
EndProject
Project("{2150E333-8FDC-42A3-9474-1A3956D46DE8}") = "BlazorWeb", "BlazorWeb", "{966EB9C4-E228-48FA-ADF2-486301305BAD}"
EndProject
Project("{2150E333-8FDC-42A3-9474-1A3956D46DE8}") = "Common", "Common", "{9E35FE41-5E6E-499C-9FA5-8D006CCD29A3}"
EndProject
Project("{2150E333-8FDC-42A3-9474-1A3956D46DE8}") = "Projections", "Projections", "{2CCC89E2-FDCA-4B9C-872D-6D70117FF936}"
EndProject
Project("{9A19103F-16F7-4668-BE54-9A1E7A4F7556}") = "BlazorSozluk.Common", "src\Common\BlazorSozluk.Common\BlazorSozluk.Common.csproj", "{07724990-9A12-4679-A95B-3468EFC0785E}"
EndProject
Project("{FAE04EC0-301F-11D3-BF4B-00C04F79EFBC}") = "BlazorSozluk.Api.Domain", "src\Api\Core\BlazorSozluk.Api.Domain\BlazorSozluk.Api.Domain.csproj", "{0AAE270E-3D83-4133-8445-0DAABB914A2F}"
EndProject
Project("{FAE04EC0-301F-11D3-BF4B-00C04F79EFBC}") = "BlazorSozluk.Api.Application", "src\Api\Core\BlazorSozluk.Api.Application\BlazorSozluk.Api.Application.csproj", "{B83B1DF4-8DCC-4764-94CF-80BB1BE904E9}"
EndProject
Project("{FAE04EC0-301F-11D3-BF4B-00C04F79EFBC}") = "BlazorSozluk.Infrastructure.Persistence", "src\Api\Infrastructure\BlazorSozluk.Infrastructure.Persistence\BlazorSozluk.Infrastructure.Persistence.csproj", "{8011B2BF-3993-4EC9-B801-0927517216A7}"
EndProject
Project("{2150E333-8FDC-42A3-9474-1A3956D46DE8}") = "WebApi", "WebApi", "{0F8BA2F4-048E-45D4-8B55-149A199E3AB7}"
EndProject
Project("{FAE04EC0-301F-11D3-BF4B-00C04F79EFBC}") = "BlazorSozluk.Api.WebApi", "src\Api\WebApi\BlazorSozluk.Api.WebApi\BlazorSozluk.Api.WebApi.csproj", "{F2CF1EEF-1DC7-4258-B926-09FF58A05900}"
EndProject
Project("{FAE04EC0-301F-11D3-BF4B-00C04F79EFBC}") = "BlazorSozluk.Projections.UserService", "src\Projections\BlazorSozluk.Projections.UserService\BlazorSozluk.Projections.UserService.csproj", "{29BEE206-0A88-4FD7-A1E0-CEEB89404C11}"
EndProject
Project("{FAE04EC0-301F-11D3-BF4B-00C04F79EFBC}") = "BlazorSozluk.Projections.VoteService", "src\Projections\BlazorSozluk.Projections.VoteService\BlazorSozluk.Projections.VoteService.csproj", "{C98D25AF-69EA-43D5-B097-2D59D34D3CC3}"
EndProject
Project("{FAE04EC0-301F-11D3-BF4B-00C04F79EFBC}") = "BlazorSozluk.Projections.FavoriteService", "src\Projections\BlazorSozluk.Projections.FavoriteService\BlazorSozluk.Projections.FavoriteService.csproj", "{C6CE736A-8151-4B26-80F2-70D346721132}"
EndProject
Project("{FAE04EC0-301F-11D3-BF4B-00C04F79EFBC}") = "BlazorSozluk.WebApp", "src\Clients\BlazorWeb\BlazorSozluk.WebApp\BlazorSozluk.WebApp.csproj", "{4172D360-6C63-441F-994A-62397AB34D67}"
EndProject
Global
	GlobalSection(SolutionConfigurationPlatforms) = preSolution
		Debug|Any CPU = Debug|Any CPU
		Release|Any CPU = Release|Any CPU
	EndGlobalSection
	GlobalSection(ProjectConfigurationPlatforms) = postSolution
		{07724990-9A12-4679-A95B-3468EFC0785E}.Debug|Any CPU.ActiveCfg = Debug|Any CPU
		{07724990-9A12-4679-A95B-3468EFC0785E}.Debug|Any CPU.Build.0 = Debug|Any CPU
		{07724990-9A12-4679-A95B-3468EFC0785E}.Release|Any CPU.ActiveCfg = Release|Any CPU
		{07724990-9A12-4679-A95B-3468EFC0785E}.Release|Any CPU.Build.0 = Release|Any CPU
		{0AAE270E-3D83-4133-8445-0DAABB914A2F}.Debug|Any CPU.ActiveCfg = Debug|Any CPU
		{0AAE270E-3D83-4133-8445-0DAABB914A2F}.Debug|Any CPU.Build.0 = Debug|Any CPU
		{0AAE270E-3D83-4133-8445-0DAABB914A2F}.Release|Any CPU.ActiveCfg = Release|Any CPU
		{0AAE270E-3D83-4133-8445-0DAABB914A2F}.Release|Any CPU.Build.0 = Release|Any CPU
		{B83B1DF4-8DCC-4764-94CF-80BB1BE904E9}.Debug|Any CPU.ActiveCfg = Debug|Any CPU
		{B83B1DF4-8DCC-4764-94CF-80BB1BE904E9}.Debug|Any CPU.Build.0 = Debug|Any CPU
		{B83B1DF4-8DCC-4764-94CF-80BB1BE904E9}.Release|Any CPU.ActiveCfg = Release|Any CPU
		{B83B1DF4-8DCC-4764-94CF-80BB1BE904E9}.Release|Any CPU.Build.0 = Release|Any CPU
		{8011B2BF-3993-4EC9-B801-0927517216A7}.Debug|Any CPU.ActiveCfg = Debug|Any CPU
		{8011B2BF-3993-4EC9-B801-0927517216A7}.Debug|Any CPU.Build.0 = Debug|Any CPU
		{8011B2BF-3993-4EC9-B801-0927517216A7}.Release|Any CPU.ActiveCfg = Release|Any CPU
		{8011B2BF-3993-4EC9-B801-0927517216A7}.Release|Any CPU.Build.0 = Release|Any CPU
		{F2CF1EEF-1DC7-4258-B926-09FF58A05900}.Debug|Any CPU.ActiveCfg = Debug|Any CPU
		{F2CF1EEF-1DC7-4258-B926-09FF58A05900}.Debug|Any CPU.Build.0 = Debug|Any CPU
		{F2CF1EEF-1DC7-4258-B926-09FF58A05900}.Release|Any CPU.ActiveCfg = Release|Any CPU
		{F2CF1EEF-1DC7-4258-B926-09FF58A05900}.Release|Any CPU.Build.0 = Release|Any CPU
		{29BEE206-0A88-4FD7-A1E0-CEEB89404C11}.Debug|Any CPU.ActiveCfg = Debug|Any CPU
		{29BEE206-0A88-4FD7-A1E0-CEEB89404C11}.Debug|Any CPU.Build.0 = Debug|Any CPU
		{29BEE206-0A88-4FD7-A1E0-CEEB89404C11}.Release|Any CPU.ActiveCfg = Release|Any CPU
		{29BEE206-0A88-4FD7-A1E0-CEEB89404C11}.Release|Any CPU.Build.0 = Release|Any CPU
		{C98D25AF-69EA-43D5-B097-2D59D34D3CC3}.Debug|Any CPU.ActiveCfg = Debug|Any CPU
		{C98D25AF-69EA-43D5-B097-2D59D34D3CC3}.Debug|Any CPU.Build.0 = Debug|Any CPU
		{C98D25AF-69EA-43D5-B097-2D59D34D3CC3}.Release|Any CPU.ActiveCfg = Release|Any CPU
		{C98D25AF-69EA-43D5-B097-2D59D34D3CC3}.Release|Any CPU.Build.0 = Release|Any CPU
		{C6CE736A-8151-4B26-80F2-70D346721132}.Debug|Any CPU.ActiveCfg = Debug|Any CPU
		{C6CE736A-8151-4B26-80F2-70D346721132}.Debug|Any CPU.Build.0 = Debug|Any CPU
		{C6CE736A-8151-4B26-80F2-70D346721132}.Release|Any CPU.ActiveCfg = Release|Any CPU
		{C6CE736A-8151-4B26-80F2-70D346721132}.Release|Any CPU.Build.0 = Release|Any CPU
		{4172D360-6C63-441F-994A-62397AB34D67}.Debug|Any CPU.ActiveCfg = Debug|Any CPU
		{4172D360-6C63-441F-994A-62397AB34D67}.Debug|Any CPU.Build.0 = Debug|Any CPU
		{4172D360-6C63-441F-994A-62397AB34D67}.Release|Any CPU.ActiveCfg = Release|Any CPU
		{4172D360-6C63-441F-994A-62397AB34D67}.Release|Any CPU.Build.0 = Release|Any CPU
	EndGlobalSection
	GlobalSection(SolutionProperties) = preSolution
		HideSolutionNode = FALSE
	EndGlobalSection
	GlobalSection(NestedProjects) = preSolution
		{E13BD608-4592-48D2-975D-2DC0C185DB1A} = {A382EB0E-3275-4D8E-BE4E-1CB2C7C4FB04}
		{E2C41B90-A905-4DEA-A840-16895AA02446} = {E13BD608-4592-48D2-975D-2DC0C185DB1A}
		{E2F1C38F-A988-42D2-B1AD-1FF0182603D0} = {E13BD608-4592-48D2-975D-2DC0C185DB1A}
		{AB21A8AE-4E07-4588-920B-755976D61858} = {A382EB0E-3275-4D8E-BE4E-1CB2C7C4FB04}
		{966EB9C4-E228-48FA-ADF2-486301305BAD} = {AB21A8AE-4E07-4588-920B-755976D61858}
		{9E35FE41-5E6E-499C-9FA5-8D006CCD29A3} = {A382EB0E-3275-4D8E-BE4E-1CB2C7C4FB04}
		{2CCC89E2-FDCA-4B9C-872D-6D70117FF936} = {A382EB0E-3275-4D8E-BE4E-1CB2C7C4FB04}
		{07724990-9A12-4679-A95B-3468EFC0785E} = {9E35FE41-5E6E-499C-9FA5-8D006CCD29A3}
		{0AAE270E-3D83-4133-8445-0DAABB914A2F} = {E2C41B90-A905-4DEA-A840-16895AA02446}
		{B83B1DF4-8DCC-4764-94CF-80BB1BE904E9} = {E2C41B90-A905-4DEA-A840-16895AA02446}
		{8011B2BF-3993-4EC9-B801-0927517216A7} = {E2F1C38F-A988-42D2-B1AD-1FF0182603D0}
		{0F8BA2F4-048E-45D4-8B55-149A199E3AB7} = {E13BD608-4592-48D2-975D-2DC0C185DB1A}
		{F2CF1EEF-1DC7-4258-B926-09FF58A05900} = {0F8BA2F4-048E-45D4-8B55-149A199E3AB7}
		{29BEE206-0A88-4FD7-A1E0-CEEB89404C11} = {2CCC89E2-FDCA-4B9C-872D-6D70117FF936}
		{C98D25AF-69EA-43D5-B097-2D59D34D3CC3} = {2CCC89E2-FDCA-4B9C-872D-6D70117FF936}
		{C6CE736A-8151-4B26-80F2-70D346721132} = {2CCC89E2-FDCA-4B9C-872D-6D70117FF936}
		{4172D360-6C63-441F-994A-62397AB34D67} = {966EB9C4-E228-48FA-ADF2-486301305BAD}
	EndGlobalSection
	GlobalSection(ExtensibilityGlobals) = postSolution
		SolutionGuid = {5739FEBD-1E49-4F88-8AD4-132B9A715337}
	EndGlobalSection
EndGlobal
